
Microsoft Visual Studio Solution File, Format Version 12.00
# Visual Studio 14
VisualStudioVersion = 14.0.25420.1
MinimumVisualStudioVersion = 10.0.40219.1
Project("{FAE04EC0-301F-11D3-BF4B-00C04F79EFBC}") = "PantsGenerator", "PantsGenerator\PantsGenerator.csproj", "{2EEEFD28-549F-4B53-8A7E-3FC49B75EBDB}"
EndProject
Project("{FAE04EC0-301F-11D3-BF4B-00C04F79EFBC}") = "SleeveGenerator", "SleeveGenerator\SleeveGenerator.csproj", "{57D51E53-A8AE-4412-8915-FB300A2B5061}"
EndProject
Project("{FAE04EC0-301F-11D3-BF4B-00C04F79EFBC}") = "BackGenerator", "BackGenerator\BackGenerator.csproj", "{1C1A98C8-A433-4FAB-83C8-7726BED505DD}"
EndProject
Global
	GlobalSection(SolutionConfigurationPlatforms) = preSolution
		Debug|Any CPU = Debug|Any CPU
		Release|Any CPU = Release|Any CPU
	EndGlobalSection
	GlobalSection(ProjectConfigurationPlatforms) = postSolution
		{2EEEFD28-549F-4B53-8A7E-3FC49B75EBDB}.Debug|Any CPU.ActiveCfg = Debug|Any CPU
		{2EEEFD28-549F-4B53-8A7E-3FC49B75EBDB}.Debug|Any CPU.Build.0 = Debug|Any CPU
		{2EEEFD28-549F-4B53-8A7E-3FC49B75EBDB}.Release|Any CPU.ActiveCfg = Release|Any CPU
		{2EEEFD28-549F-4B53-8A7E-3FC49B75EBDB}.Release|Any CPU.Build.0 = Release|Any CPU
		{57D51E53-A8AE-4412-8915-FB300A2B5061}.Debug|Any CPU.ActiveCfg = Debug|Any CPU
		{57D51E53-A8AE-4412-8915-FB300A2B5061}.Debug|Any CPU.Build.0 = Debug|Any CPU
		{57D51E53-A8AE-4412-8915-FB300A2B5061}.Release|Any CPU.ActiveCfg = Release|Any CPU
		{57D51E53-A8AE-4412-8915-FB300A2B5061}.Release|Any CPU.Build.0 = Release|Any CPU
		{1C1A98C8-A433-4FAB-83C8-7726BED505DD}.Debug|Any CPU.ActiveCfg = Debug|Any CPU
		{1C1A98C8-A433-4FAB-83C8-7726BED505DD}.Debug|Any CPU.Build.0 = Debug|Any CPU
		{1C1A98C8-A433-4FAB-83C8-7726BED505DD}.Release|Any CPU.ActiveCfg = Release|Any CPU
		{1C1A98C8-A433-4FAB-83C8-7726BED505DD}.Release|Any CPU.Build.0 = Release|Any CPU
	EndGlobalSection
	GlobalSection(SolutionProperties) = preSolution
		HideSolutionNode = FALSE
	EndGlobalSection
EndGlobal
